
Microsoft Visual Studio Solution File, Format Version 12.00
# Visual Studio Version 17
VisualStudioVersion = 17.11.35327.3
MinimumVisualStudioVersion = 10.0.40219.1
Project("{FAE04EC0-301F-11D3-BF4B-00C04F79EFBC}") = "CountryInfoAPI", "CountryInfoAPI.csproj", "{CF352F85-06EE-478F-875C-22290F02E7A3}"
EndProject
Global
	GlobalSection(SolutionConfigurationPlatforms) = preSolution
		Debug|Any CPU = Debug|Any CPU
		Release|Any CPU = Release|Any CPU
	EndGlobalSection
	GlobalSection(ProjectConfigurationPlatforms) = postSolution
		{CF352F85-06EE-478F-875C-22290F02E7A3}.Debug|Any CPU.ActiveCfg = Debug|Any CPU
		{CF352F85-06EE-478F-875C-22290F02E7A3}.Debug|Any CPU.Build.0 = Debug|Any CPU
		{CF352F85-06EE-478F-875C-22290F02E7A3}.Release|Any CPU.ActiveCfg = Release|Any CPU
		{CF352F85-06EE-478F-875C-22290F02E7A3}.Release|Any CPU.Build.0 = Release|Any CPU
	EndGlobalSection
	GlobalSection(SolutionProperties) = preSolution
		HideSolutionNode = FALSE
	EndGlobalSection
	GlobalSection(ExtensibilityGlobals) = postSolution
		SolutionGuid = {130B196B-CF78-414C-A3B1-F2C585FA5DCE}
	EndGlobalSection
EndGlobal
